Microsoft Visual Studio Solution File, Format Version 12.00
# Visual Studio Version 17
VisualStudioVersion = 17.0.31903.59
MinimumVisualStudioVersion = 10.0.40219.1
Project("{FAE04EC0-301F-11D3-BF4B-00C04F79EFBC}") = "FieldOps.Agent", "src\FieldOps.Agent\FieldOps.Agent.csproj", "{8F721A43-F345-4D4B-96A8-F3102938DE28}"
EndProject
Project("{FAE04EC0-301F-11D3-BF4B-00C04F79EFBC}") = "FieldOps.Agent.Tests", "tests\FieldOps.Agent.Tests\FieldOps.Agent.Tests.csproj", "{5C644D4B-4CF4-4358-97CB-0EE0DE27C136}"
EndProject
Global
	GlobalSection(SolutionConfigurationPlatforms) = preSolution
		Debug|Any CPU = Debug|Any CPU
		Release|Any CPU = Release|Any CPU
	EndGlobalSection
	GlobalSection(ProjectConfigurationPlatforms) = postSolution
		{8F721A43-F345-4D4B-96A8-F3102938DE28}.Debug|Any CPU.ActiveCfg = Debug|Any CPU
		{8F721A43-F345-4D4B-96A8-F3102938DE28}.Debug|Any CPU.Build.0 = Debug|Any CPU
		{8F721A43-F345-4D4B-96A8-F3102938DE28}.Release|Any CPU.ActiveCfg = Release|Any CPU
		{8F721A43-F345-4D4B-96A8-F3102938DE28}.Release|Any CPU.Build.0 = Release|Any CPU
		{5C644D4B-4CF4-4358-97CB-0EE0DE27C136}.Debug|Any CPU.ActiveCfg = Debug|Any CPU
		{5C644D4B-4CF4-4358-97CB-0EE0DE27C136}.Debug|Any CPU.Build.0 = Debug|Any CPU
		{5C644D4B-4CF4-4358-97CB-0EE0DE27C136}.Release|Any CPU.ActiveCfg = Release|Any CPU
		{5C644D4B-4CF4-4358-97CB-0EE0DE27C136}.Release|Any CPU.Build.0 = Release|Any CPU
	EndGlobalSection
EndGlobal
